# THIS IS AN AUTOGENERATED FILE. DO NOT EDIT THIS FILE DIRECTLY.
# yarn lockfile v1


"@huggingface/inference@^2.5.0":
  version "2.6.1"
  resolved "https://registry.yarnpkg.com/@huggingface/inference/-/inference-2.6.1.tgz#d11f4c44d824e92577ec460c6ff60474ef36467d"
  integrity sha512-qFYchgOCPeEkZJKiSr7Kz62QwukJtgkeQCT7Q0SSKUcvHpTQVNJp6i/JrJMR4dBdzQysJ1SZDC0pLBBnnskTag==

async@^3.2.4:
  version "3.2.4"
  resolved "https://registry.yarnpkg.com/async/-/async-3.2.4.tgz#2d22e00f8cddeb5fde5dd33522b56d1cf569a81c"
  integrity sha512-iAB+JbDEGXhyIUavoDl9WP/Jj106Kz9DEn1DPgYw5ruDn0e3Wgi3sKFm55sASdGBNOQB8F59d9qQ7deqrHA8wQ==

bard-ai@^1.5.4:
  version "1.5.4"
  resolved "https://registry.yarnpkg.com/bard-ai/-/bard-ai-1.5.4.tgz#2d0ebc87104ed77edebcdf4236c878621c1e9438"
  integrity sha512-YZEKQtmoCTgJh8xQx9kfSNhmcj3s48us30zN3WVowqQT+xXE8T4p4SL3h+Xr8vGVbK8dIYxtNz5wqI9SbuCPGw==

dotenv@^16.3.1:
  version "16.3.1"
  resolved "https://registry.yarnpkg.com/dotenv/-/dotenv-16.3.1.tgz#369034de7d7e5b120972693352a3bf112172cc3e"
  integrity sha512-IPzF4w4/Rd94bA9imS68tZBaYyBWSCE47V1RGuMrB94iyTOIEwRmVL2x/4An+6mETpLrKJ5hQkB8W4kFAadeIQ==

isomorphic-ws@^5.0.0:
  version "5.0.0"
  resolved "https://registry.yarnpkg.com/isomorphic-ws/-/isomorphic-ws-5.0.0.tgz#e5529148912ecb9b451b46ed44d53dae1ce04bbf"
  integrity sha512-muId7Zzn9ywDsyXgTIafTry2sV3nySZeUDe6YedVd1Hvuuep5AsIlqK+XefWpYTyJG5e503F2xIuT2lcU6rCSw==

midjourney@^4.3.10:
  version "4.3.10"
  resolved "https://registry.yarnpkg.com/midjourney/-/midjourney-4.3.10.tgz#185b1d9ca50c47cca177a5915c8a36e783a7071f"
  integrity sha512-P/6MLRxfUp/0jAlXWi6EtMo+dbgNtW3OYxoXDdFt1v4s1iGvyWFeIWhB3V5Yl13C00L+yFkVAqRUCA1SRBIz8w==
  dependencies:
    "@huggingface/inference" "^2.5.0"
    async "^3.2.4"
    isomorphic-ws "^5.0.0"
    semiver "^1.1.0"
    snowyflake "^2.0.0"
    tslib "^2.5.0"
    ws "^8.13.0"

semiver@^1.1.0:
  version "1.1.0"
  resolved "https://registry.yarnpkg.com/semiver/-/semiver-1.1.0.tgz#9c97fb02c21c7ce4fcf1b73e2c7a24324bdddd5f"
  integrity sha512-QNI2ChmuioGC1/xjyYwyZYADILWyW6AmS1UH6gDj/SFUUUS4MBAWs/7mxnkRPc/F4iHezDP+O8t0dO8WHiEOdg==

snowyflake@^2.0.0:
  version "2.0.0"
  resolved "https://registry.yarnpkg.com/snowyflake/-/snowyflake-2.0.0.tgz#9514fb3540b290b71fec8efb6a737d32c4dc8105"
  integrity sha512-BxeqV0KJxJASu6EBJGUkX194Zhh37AEa0ow/JRK39icWbLTG9Wl/7LAL6a/ZMSjNm4O9pZk6QoLcWP7f/YKmtA==

tslib@^2.5.0:
  version "2.6.0"
  resolved "https://registry.yarnpkg.com/tslib/-/tslib-2.6.0.tgz#b295854684dbda164e181d259a22cd779dcd7bc3"
  integrity sha512-7At1WUettjcSRHXCyYtTselblcHl9PJFFVKiCAy/bY97+BPZXSQ2wbq0P9s8tK2G7dFQfNnlJnPAiArVBVBsfA==

ws@^8.13.0:
  version "8.13.0"
  resolved "https://registry.yarnpkg.com/ws/-/ws-8.13.0.tgz#9a9fb92f93cf41512a0735c8f4dd09b8a1211cd0"
  integrity sha512-x9vcZYTrFPC7aSIbj7sRCYo7L/Xb8Iy+pW0ng0wt2vCJv7M9HOMy0UoN3rr+IFC7hb7vXoqS+P9ktyLLLhO+LA==
